
Microsoft Visual Studio Solution File, Format Version 12.00
# Visual Studio Version 17
VisualStudioVersion = 17.14.36401.2
MinimumVisualStudioVersion = 10.0.40219.1
Project("{FAE04EC0-301F-11D3-BF4B-00C04F79EFBC}") = "Sellorio.Results", "Sellorio.Results\Sellorio.Results.csproj", "{2D9A5D7C-93BA-4C25-B3A1-C6E2525AD66F}"
EndProject
Project("{2150E333-8FDC-42A3-9474-1A3956D46DE8}") = "Solution Items", "Solution Items", "{8EC462FD-D22E-90A8-E5CE-7E832BA40C5D}"
	ProjectSection(SolutionItems) = preProject
		.gitignore = .gitignore
	EndProjectSection
EndProject
Global
	GlobalSection(SolutionConfigurationPlatforms) = preSolution
		Debug|Any CPU = Debug|Any CPU
		Release|Any CPU = Release|Any CPU
	EndGlobalSection
	GlobalSection(ProjectConfigurationPlatforms) = postSolution
		{2D9A5D7C-93BA-4C25-B3A1-C6E2525AD66F}.Debug|Any CPU.ActiveCfg = Debug|Any CPU
		{2D9A5D7C-93BA-4C25-B3A1-C6E2525AD66F}.Debug|Any CPU.Build.0 = Debug|Any CPU
		{2D9A5D7C-93BA-4C25-B3A1-C6E2525AD66F}.Release|Any CPU.ActiveCfg = Release|Any CPU
		{2D9A5D7C-93BA-4C25-B3A1-C6E2525AD66F}.Release|Any CPU.Build.0 = Release|Any CPU
	EndGlobalSection
	GlobalSection(SolutionProperties) = preSolution
		HideSolutionNode = FALSE
	EndGlobalSection
	GlobalSection(ExtensibilityGlobals) = postSolution
		SolutionGuid = {A1040220-85A5-4425-9810-B672BFF182AC}
	EndGlobalSection
EndGlobal
